<?xml version="1.0" encoding="utf-8"?>
<Project ToolsVersion="4.0" xmlns="http://schemas.microsoft.com/developer/msbuild/2003">
  <ItemGroup>
    <ClCompile Include="src\ofApp.cpp">
      <Filter>src</Filter>
    </ClCompile>
    <ClCompile Include="src\main.cpp">
      <Filter>src</Filter>
    </ClCompile>
    <ClCompile Include="src\main.cpp">
      <Filter>src</Filter>
    </ClCompile>
    <ClCompile Include="src\ofApp.cpp">
      <Filter>src</Filter>
    </ClCompile>
    <ClCompile Include="..\..\of_v0.10.1_vs2017_release\addons\ofxGui\src\ofxBaseGui.cpp">
      <Filter>addons\ofxGui\src</Filter>
    </ClCompile>
    <ClCompile Include="..\..\of_v0.10.1_vs2017_release\addons\ofxGui\src\ofxButton.cpp">
      <Filter>addons\ofxGui\src</Filter>
    </ClCompile>
    <ClCompile Include="..\..\of_v0.10.1_vs2017_release\addons\ofxGui\src\ofxColorPicker.cpp">
      <Filter>addons\ofxGui\src</Filter>
    </ClCompile>
    <ClCompile Include="..\..\of_v0.10.1_vs2017_release\addons\ofxGui\src\ofxGuiGroup.cpp">
      <Filter>addons\ofxGui\src</Filter>
    </ClCompile>
    <ClCompile Include="..\..\of_v0.10.1_vs2017_release\addons\ofxGui\src\ofxInputField.cpp">
      <Filter>addons\ofxGui\src</Filter>
    </ClCompile>
    <ClCompile Include="..\..\of_v0.10.1_vs2017_release\addons\ofxGui\src\ofxLabel.cpp">
      <Filter>addons\ofxGui\src</Filter>
    </ClCompile>
    <ClCompile Include="..\..\of_v0.10.1_vs2017_release\addons\ofxGui\src\ofxPanel.cpp">
      <Filter>addons\ofxGui\src</Filter>
    </ClCompile>
    <ClCompile Include="..\..\of_v0.10.1_vs2017_release\addons\ofxGui\src\ofxSlider.cpp">
      <Filter>addons\ofxGui\src</Filter>
    </ClCompile>
    <ClCompile Include="..\..\of_v0.10.1_vs2017_release\addons\ofxGui\src\ofxSliderGroup.cpp">
      <Filter>addons\ofxGui\src</Filter>
    </ClCompile>
    <ClCompile Include="..\..\of_v0.10.1_vs2017_release\addons\ofxGui\src\ofxToggle.cpp">
      <Filter>addons\ofxGui\src</Filter>
    </ClCompile>
    <ClCompile Include="src\GameObject.cpp">
      <Filter>src\GameObject</Filter>
    </ClCompile>
    <ClCompile Include="src\Pawn.cpp">
      <Filter>src\GameObject</Filter>
    </ClCompile>
    <ClCompile Include="src\Transform.cpp">
      <Filter>src\GameObject</Filter>
    </ClCompile>
    <ClCompile Include="src\PlayerShip.cpp">
      <Filter>src\GameObject\Player</Filter>
    </ClCompile>
    <ClCompile Include="src\Turret.cpp">
      <Filter>src\GameObject\Player</Filter>
    </ClCompile>
    <ClCompile Include="src\Button.cpp">
      <Filter>src\GameObject\GUI</Filter>
    </ClCompile>
    <ClCompile Include="src\MouseCursor.cpp">
      <Filter>src\GameObject\GUI</Filter>
    </ClCompile>
    <ClCompile Include="src\Particle.cpp">
      <Filter>src\GameObject\ParticalSystem</Filter>
    </ClCompile>
    <ClCompile Include="src\ParticleEmitter.cpp">
      <Filter>src\GameObject\ParticalSystem</Filter>
    </ClCompile>
    <ClCompile Include="src\Sprite.cpp">
      <Filter>src\GameObject\Sprite</Filter>
    </ClCompile>
    <ClCompile Include="src\Bullet.cpp">
      <Filter>src\GameObject\ParticalSystem</Filter>
    </ClCompile>
    <ClCompile Include="src\Zombie.cpp">
      <Filter>src\GameObject\Enemy\Zombie</Filter>
    </ClCompile>
    <ClCompile Include="src\AnimatedSprite.cpp">
      <Filter>src\GameObject\Sprite</Filter>
    </ClCompile>
    <ClCompile Include="src\ParticleSystem.cpp">
      <Filter>src\GameObject\ParticalSystem</Filter>
    </ClCompile>
  </ItemGroup>
  <ItemGroup>
    <Filter Include="src">
      <UniqueIdentifier>{d8376475-7454-4a24-b08a-aac121d3ad6f}</UniqueIdentifier>
    </Filter>
    <Filter Include="addons">
      <UniqueIdentifier>{71834F65-F3A9-211E-73B8-DC85}</UniqueIdentifier>
    </Filter>
    <Filter Include="addons\ofxGui">
      <UniqueIdentifier>{4F2A59AF-5F4E-704B-D067-EC13}</UniqueIdentifier>
    </Filter>
    <Filter Include="addons\ofxGui\src">
      <UniqueIdentifier>{645E9533-4DCD-6179-1CDF-CB65}</UniqueIdentifier>
    </Filter>
    <Filter Include="src\GameObject">
      <UniqueIdentifier>{093ba418-c0a4-49da-82bc-5545618ecb79}</UniqueIdentifier>
    </Filter>
    <Filter Include="src\GameObject\Player">
      <UniqueIdentifier>{f7506833-d48e-46f0-9f2f-15efdf410658}</UniqueIdentifier>
    </Filter>
    <Filter Include="src\GameObject\ParticalSystem">
      <UniqueIdentifier>{bc7906dd-c8fe-44d0-b6b6-0901d00e8d5a}</UniqueIdentifier>
    </Filter>
    <Filter Include="src\GameObject\GUI">
      <UniqueIdentifier>{f3a00d66-9948-41c0-89a0-60c9b2641a85}</UniqueIdentifier>
    </Filter>
    <Filter Include="src\GameObject\Sprite">
      <UniqueIdentifier>{8109904e-1770-496d-bd2f-13b4b17c0d10}</UniqueIdentifier>
    </Filter>
    <Filter Include="src\GameObject\Enemy">
      <UniqueIdentifier>{d840d9e6-d461-45d8-ad7b-bed85ba1a46c}</UniqueIdentifier>
    </Filter>
    <Filter Include="src\GameObject\Enemy\Zombie">
      <UniqueIdentifier>{631e25c0-ced5-451a-ac5a-bef954a6d799}</UniqueIdentifier>
    </Filter>
  </ItemGroup>
  <ItemGroup>
    <ClInclude Include="src\ofApp.h">
      <Filter>src</Filter>
    </ClInclude>
    <ClInclude Include="src\main.h">
      <Filter>src</Filter>
    </ClInclude>
    <ClInclude Include="src\ofApp.h">
      <Filter>src</Filter>
    </ClInclude>
    <ClInclude Include="..\..\of_v0.10.1_vs2017_release\addons\ofxGui\src\ofxBaseGui.h">
      <Filter>addons\ofxGui\src</Filter>
    </ClInclude>
    <ClInclude Include="..\..\of_v0.10.1_vs2017_release\addons\ofxGui\src\ofxButton.h">
      <Filter>addons\ofxGui\src</Filter>
    </ClInclude>
    <ClInclude Include="..\..\of_v0.10.1_vs2017_release\addons\ofxGui\src\ofxColorPicker.h">
      <Filter>addons\ofxGui\src</Filter>
    </ClInclude>
    <ClInclude Include="..\..\of_v0.10.1_vs2017_release\addons\ofxGui\src\ofxGui.h">
      <Filter>addons\ofxGui\src</Filter>
    </ClInclude>
    <ClInclude Include="..\..\of_v0.10.1_vs2017_release\addons\ofxGui\src\ofxGuiGroup.h">
      <Filter>addons\ofxGui\src</Filter>
    </ClInclude>
    <ClInclude Include="..\..\of_v0.10.1_vs2017_release\addons\ofxGui\src\ofxInputField.h">
      <Filter>addons\ofxGui\src</Filter>
    </ClInclude>
    <ClInclude Include="..\..\of_v0.10.1_vs2017_release\addons\ofxGui\src\ofxLabel.h">
      <Filter>addons\ofxGui\src</Filter>
    </ClInclude>
    <ClInclude Include="..\..\of_v0.10.1_vs2017_release\addons\ofxGui\src\ofxPanel.h">
      <Filter>addons\ofxGui\src</Filter>
    </ClInclude>
    <ClInclude Include="..\..\of_v0.10.1_vs2017_release\addons\ofxGui\src\ofxSlider.h">
      <Filter>addons\ofxGui\src</Filter>
    </ClInclude>
    <ClInclude Include="..\..\of_v0.10.1_vs2017_release\addons\ofxGui\src\ofxSliderGroup.h">
      <Filter>addons\ofxGui\src</Filter>
    </ClInclude>
    <ClInclude Include="..\..\of_v0.10.1_vs2017_release\addons\ofxGui\src\ofxToggle.h">
      <Filter>addons\ofxGui\src</Filter>
    </ClInclude>
    <ClInclude Include="src\GameObject.h">
      <Filter>src\GameObject</Filter>
    </ClInclude>
    <ClInclude Include="src\Pawn.h">
      <Filter>src\GameObject</Filter>
    </ClInclude>
    <ClInclude Include="src\Transform.h">
      <Filter>src\GameObject</Filter>
    </ClInclude>
    <ClInclude Include="src\PlayerShip.h">
      <Filter>src\GameObject\Player</Filter>
    </ClInclude>
    <ClInclude Include="src\Turret.h">
      <Filter>src\GameObject\Player</Filter>
    </ClInclude>
    <ClInclude Include="src\Button.h">
      <Filter>src\GameObject\GUI</Filter>
    </ClInclude>
    <ClInclude Include="src\MouseCursor.h">
      <Filter>src\GameObject\GUI</Filter>
    </ClInclude>
    <ClInclude Include="src\Particle.h">
      <Filter>src\GameObject\ParticalSystem</Filter>
    </ClInclude>
    <ClInclude Include="src\ParticleEmitter.h">
      <Filter>src\GameObject\ParticalSystem</Filter>
    </ClInclude>
    <ClInclude Include="src\ParticleSystem.h">
      <Filter>src\GameObject\ParticalSystem</Filter>
    </ClInclude>
    <ClInclude Include="src\Sprite.h">
      <Filter>src\GameObject\Sprite</Filter>
    </ClInclude>
    <ClInclude Include="src\Bullet.h">
      <Filter>src\GameObject\ParticalSystem</Filter>
    </ClInclude>
    <ClInclude Include="src\AnimatedSprite.h">
      <Filter>src\GameObject\Sprite</Filter>
    </ClInclude>
    <ClInclude Include="src\Zombie.h">
      <Filter>src\GameObject\Enemy\Zombie</Filter>
    </ClInclude>
  </ItemGroup>
  <ItemGroup>
    <ResourceCompile Include="icon.rc" />
  </ItemGroup>
</Project>